
Microsoft Visual Studio Solution File, Format Version 12.00
# Visual Studio Version 17
VisualStudioVersion = 17.9.34714.143
MinimumVisualStudioVersion = 10.0.40219.1
Project("{9A19103F-16F7-4668-BE54-9A1E7A4F7556}") = "EF8Perf_803", "EF8Perf_803\EF8Perf_803.csproj", "{73BCFE8B-1B54-4EB7-B780-686C668BAFAA}"
EndProject
Project("{9A19103F-16F7-4668-BE54-9A1E7A4F7556}") = "EF8Perf_800", "EF8Perf_800\EF8Perf_800.csproj", "{BB19AB3A-7C77-40C0-8401-26C431874612}"
EndProject
Global
	GlobalSection(SolutionConfigurationPlatforms) = preSolution
		Debug|Any CPU = Debug|Any CPU
		Release|Any CPU = Release|Any CPU
	EndGlobalSection
	GlobalSection(ProjectConfigurationPlatforms) = postSolution
		{73BCFE8B-1B54-4EB7-B780-686C668BAFAA}.Debug|Any CPU.ActiveCfg = Debug|Any CPU
		{73BCFE8B-1B54-4EB7-B780-686C668BAFAA}.Debug|Any CPU.Build.0 = Debug|Any CPU
		{73BCFE8B-1B54-4EB7-B780-686C668BAFAA}.Release|Any CPU.ActiveCfg = Release|Any CPU
		{73BCFE8B-1B54-4EB7-B780-686C668BAFAA}.Release|Any CPU.Build.0 = Release|Any CPU
		{BB19AB3A-7C77-40C0-8401-26C431874612}.Debug|Any CPU.ActiveCfg = Debug|Any CPU
		{BB19AB3A-7C77-40C0-8401-26C431874612}.Debug|Any CPU.Build.0 = Debug|Any CPU
		{BB19AB3A-7C77-40C0-8401-26C431874612}.Release|Any CPU.ActiveCfg = Release|Any CPU
		{BB19AB3A-7C77-40C0-8401-26C431874612}.Release|Any CPU.Build.0 = Release|Any CPU
	EndGlobalSection
	GlobalSection(SolutionProperties) = preSolution
		HideSolutionNode = FALSE
	EndGlobalSection
	GlobalSection(ExtensibilityGlobals) = postSolution
		SolutionGuid = {68E058A7-BCE0-42DC-8E42-2FA7FB59A0E9}
	EndGlobalSection
EndGlobal
